// !$*UTF8*$!
{
	archiveVersion = 1;
	classes = {
	};
	objectVersion = 56;
	objects = {

/* Begin PBXBuildFile section */
		A01C1A782ADA585E0049D473 /* AppDelegate.swift in Sources */ = {isa = PBXBuildFile; fileRef = A01C1A772ADA585E0049D473 /* AppDelegate.swift */; };
		A01C1A7A2ADA585E0049D473 /* SceneDelegate.swift in Sources */ = {isa = PBXBuildFile; fileRef = A01C1A792ADA585E0049D473 /* SceneDelegate.swift */; };
		A01C1A7C2ADA585E0049D473 /* ViewController.swift in Sources */ = {isa = PBXBuildFile; fileRef = A01C1A7B2ADA585E0049D473 /* ViewController.swift */; };
		A01C1A7F2ADA585E0049D473 /* Main.storyboard in Resources */ = {isa = PBXBuildFile; fileRef = A01C1A7D2ADA585E0049D473 /* Main.storyboard */; };
		A01C1A812ADA585E0049D473 /* Assets.xcassets in Resources */ = {isa = PBXBuildFile; fileRef = A01C1A802ADA585E0049D473 /* Assets.xcassets */; };
		A01C1A842ADA585E0049D473 /* LaunchScreen.storyboard in Resources */ = {isa = PBXBuildFile; fileRef = A01C1A822ADA585E0049D473 /* LaunchScreen.storyboard */; };
		A01C1A8F2ADA585E0049D473 /* _907121Tests.swift in Sources */ = {isa = PBXBuildFile; fileRef = A01C1A8E2ADA585E0049D473 /* _907121Tests.swift */; };
		A01C1A992ADA585E0049D473 /* _907121UITests.swift in Sources */ = {isa = PBXBuildFile; fileRef = A01C1A982ADA585E0049D473 /* _907121UITests.swift */; };
		A01C1A9B2ADA585E0049D473 /* _907121UITestsLaunchTests.swift in Sources */ = {isa = PBXBuildFile; fileRef = A01C1A9A2ADA585E0049D473 /* _907121UITestsLaunchTests.swift */; };
		A02163502ADAF70C0095484E /* signInViewController.swift in Sources */ = {isa = PBXBuildFile; fileRef = A021634F2ADAF70C0095484E /* signInViewController.swift */; };
		A02163522ADAF72C0095484E /* signUpViewController.swift in Sources */ = {isa = PBXBuildFile; fileRef = A02163512ADAF72C0095484E /* signUpViewController.swift */; };
		A02163542ADAF73F0095484E /* HomeViewController.swift in Sources */ = {isa = PBXBuildFile; fileRef = A02163532ADAF73F0095484E /* HomeViewController.swift */; };
/* End PBXBuildFile section */

/* Begin PBXContainerItemProxy section */
		A01C1A8B2ADA585E0049D473 /* PBXContainerItemProxy */ = {
			isa = PBXContainerItemProxy;
			containerPortal = A01C1A6C2ADA585E0049D473 /* Project object */;
			proxyType = 1;
			remoteGlobalIDString = A01C1A732ADA585E0049D473;
			remoteInfo = 1907121;
		};
		A01C1A952ADA585E0049D473 /* PBXContainerItemProxy */ = {
			isa = PBXContainerItemProxy;
			containerPortal = A01C1A6C2ADA585E0049D473 /* Project object */;
			proxyType = 1;
			remoteGlobalIDString = A01C1A732ADA585E0049D473;
			remoteInfo = 1907121;
		};
/* End PBXContainerItemProxy section */

/* Begin PBXFileReference section */
		A01C1A742ADA585E0049D473 /* 1907121.app */ = {isa = PBXFileReference; explicitFileType = wrapper.application; includeInIndex = 0; path = 1907121.app; sourceTree = BUILT_PRODUCTS_DIR; };
		A01C1A772ADA585E0049D473 /* AppDelegate.swift */ = {isa = PBXFileReference; lastKnownFileType = sourcecode.swift; path = AppDelegate.swift; sourceTree = "<group>"; };
		A01C1A792ADA585E0049D473 /* SceneDelegate.swift */ = {isa = PBXFileReference; lastKnownFileType = sourcecode.swift; path = SceneDelegate.swift; sourceTree = "<group>"; };
		A01C1A7B2ADA585E0049D473 /* ViewController.swift */ = {isa = PBXFileReference; lastKnownFileType = sourcecode.swift; path = ViewController.swift; sourceTree = "<group>"; };
		A01C1A7E2ADA585E0049D473 /* Base */ = {isa = PBXFileReference; lastKnownFileType = file.storyboard; name = Base; path = Base.lproj/Main.storyboard; sourceTree = "<group>"; };
		A01C1A802ADA585E0049D473 /* Assets.xcassets */ = {isa = PBXFileReference; lastKnownFileType = folder.assetcatalog; path = Assets.xcassets; sourceTree = "<group>"; };
		A01C1A832ADA585E0049D473 /* Base */ = {isa = PBXFileReference; lastKnownFileType = file.storyboard; name = Base; path = Base.lproj/LaunchScreen.storyboard; sourceTree = "<group>"; };
		A01C1A852ADA585E0049D473 /* Info.plist */ = {isa = PBXFileReference; lastKnownFileType = text.plist.xml; path = Info.plist; sourceTree = "<group>"; };
		A01C1A8A2ADA585E0049D473 /* 1907121Tests.xctest */ = {isa = PBXFileReference; explicitFileType = wrapper.cfbundle; includeInIndex = 0; path = 1907121Tests.xctest; sourceTree = BUILT_PRODUCTS_DIR; };
		A01C1A8E2ADA585E0049D473 /* _907121Tests.swift */ = {isa = PBXFileReference; lastKnownFileType = sourcecode.swift; path = _907121Tests.swift; sourceTree = "<group>"; };
		A01C1A942ADA585E0049D473 /* 1907121UITests.xctest */ = {isa = PBXFileReference; explicitFileType = wrapper.cfbundle; includeInIndex = 0; path = 1907121UITests.xctest; sourceTree = BUILT_PRODUCTS_DIR; };
		A01C1A982ADA585E0049D473 /* _907121UITests.swift */ = {isa = PBXFileReference; lastKnownFileType = sourcecode.swift; path = _907121UITests.swift; sourceTree = "<group>"; };
		A01C1A9A2ADA585E0049D473 /* _907121UITestsLaunchTests.swift */ = {isa = PBXFileReference; lastKnownFileType = sourcecode.swift; path = _907121UITestsLaunchTests.swift; sourceTree = "<group>"; };
		A021634F2ADAF70C0095484E /* signInViewController.swift */ = {isa = PBXFileReference; lastKnownFileType = sourcecode.swift; path = signInViewController.swift; sourceTree = "<group>"; };
		A02163512ADAF72C0095484E /* signUpViewController.swift */ = {isa = PBXFileReference; lastKnownFileType = sourcecode.swift; path = signUpViewController.swift; sourceTree = "<group>"; };
		A02163532ADAF73F0095484E /* HomeViewController.swift */ = {isa = PBXFileReference; lastKnownFileType = sourcecode.swift; path = HomeViewController.swift; sourceTree = "<group>"; };
/* End PBXFileReference section */

/* Begin PBXFrameworksBuildPhase section */
		A01C1A712ADA585E0049D473 /* Frameworks */ = {
			isa = PBXFrameworksBuildPhase;
			buildActionMask = 2147483647;
			files = (
			);
			runOnlyForDeploymentPostprocessing = 0;
		};
		A01C1A872ADA585E0049D473 /* Frameworks */ = {
			isa = PBXFrameworksBuildPhase;
			buildActionMask = 2147483647;
			files = (
			);
			runOnlyForDeploymentPostprocessing = 0;
		};
		A01C1A912ADA585E0049D473 /* Frameworks */ = {
			isa = PBXFrameworksBuildPhase;
			buildActionMask = 2147483647;
			files = (
			);
			runOnlyForDeploymentPostprocessing = 0;
		};
/* End PBXFrameworksBuildPhase section */

/* Begin PBXGroup section */
		A01C1A6B2ADA585E0049D473 = {
			isa = PBXGroup;
			children = (
				A01C1A762ADA585E0049D473 /* 1907121 */,
				A01C1A8D2ADA585E0049D473 /* 1907121Tests */,
				A01C1A972ADA585E0049D473 /* 1907121UITests */,
				A01C1A752ADA585E0049D473 /* Products */,
			);
			sourceTree = "<group>";
		};
		A01C1A752ADA585E0049D473 /* Products */ = {
			isa = PBXGroup;
			children = (
				A01C1A742ADA585E0049D473 /* 1907121.app */,
				A01C1A8A2ADA585E0049D473 /* 1907121Tests.xctest */,
				A01C1A942ADA585E0049D473 /* 1907121UITests.xctest */,
			);
			name = Products;
			sourceTree = "<group>";
		};
		A01C1A762ADA585E0049D473 /* 1907121 */ = {
			isa = PBXGroup;
			children = (
				A01C1A772ADA585E0049D473 /* AppDelegate.swift */,
				A01C1A792ADA585E0049D473 /* SceneDelegate.swift */,
				A01C1A7B2ADA585E0049D473 /* ViewController.swift */,
				A01C1A7D2ADA585E0049D473 /* Main.storyboard */,
				A01C1A802ADA585E0049D473 /* Assets.xcassets */,
				A01C1A822ADA585E0049D473 /* LaunchScreen.storyboard */,
				A01C1A852ADA585E0049D473 /* Info.plist */,
				A021634F2ADAF70C0095484E /* signInViewController.swift */,
				A02163512ADAF72C0095484E /* signUpViewController.swift */,
				A02163532ADAF73F0095484E /* HomeViewController.swift */,
			);
			path = 1907121;
			sourceTree = "<group>";
		};
		A01C1A8D2ADA585E0049D473 /* 1907121Tests */ = {
			isa = PBXGroup;
			children = (
				A01C1A8E2ADA585E0049D473 /* _907121Tests.swift */,
			);
			path = 1907121Tests;
			sourceTree = "<group>";
		};
		A01C1A972ADA585E0049D473 /* 1907121UITests */ = {
			isa = PBXGroup;
			children = (
				A01C1A982ADA585E0049D473 /* _907121UITests.swift */,
				A01C1A9A2ADA585E0049D473 /* _907121UITestsLaunchTests.swift */,
			);
			path = 1907121UITests;
			sourceTree = "<group>";
		};
/* End PBXGroup section */

/* Begin PBXNativeTarget section */
		A01C1A732ADA585E0049D473 /* 1907121 */ = {
			isa = PBXNativeTarget;
			buildConfigurationList = A01C1A9E2ADA585E0049D473 /* Build configuration list for PBXNativeTarget "1907121" */;
			buildPhases = (
				A01C1A702ADA585E0049D473 /* Sources */,
				A01C1A712ADA585E0049D473 /* Frameworks */,
				A01C1A722ADA585E0049D473 /* Resources */,
			);
			buildRules = (
			);
			dependencies = (
			);
			name = 1907121;
			productName = 1907121;
			productReference = A01C1A742ADA585E0049D473 /* 1907121.app */;
			productType = "com.apple.product-type.application";
		};
		A01C1A892ADA585E0049D473 /* 1907121Tests */ = {
			isa = PBXNativeTarget;
			buildConfigurationList = A01C1AA12ADA585E0049D473 /* Build configuration list for PBXNativeTarget "1907121Tests" */;
			buildPhases = (
				A01C1A862ADA585E0049D473 /* Sources */,
				A01C1A872ADA585E0049D473 /* Frameworks */,
				A01C1A882ADA585E0049D473 /* Resources */,
			);
			buildRules = (
			);
			dependencies = (
				A01C1A8C2ADA585E0049D473 /* PBXTargetDependency */,
			);
			name = 1907121Tests;
			productName = 1907121Tests;
			productReference = A01C1A8A2ADA585E0049D473 /* 1907121Tests.xctest */;
			productType = "com.apple.product-type.bundle.unit-test";
		};
		A01C1A932ADA585E0049D473 /* 1907121UITests */ = {
			isa = PBXNativeTarget;
			buildConfigurationList = A01C1AA42ADA585E0049D473 /* Build configuration list for PBXNativeTarget "1907121UITests" */;
			buildPhases = (
				A01C1A902ADA585E0049D473 /* Sources */,
				A01C1A912ADA585E0049D473 /* Frameworks */,
				A01C1A922ADA585E0049D473 /* Resources */,
			);
			buildRules = (
			);
			dependencies = (
				A01C1A962ADA585E0049D473 /* PBXTargetDependency */,
			);
			name = 1907121UITests;
			productName = 1907121UITests;
			productReference = A01C1A942ADA585E0049D473 /* 1907121UITests.xctest */;
			productType = "com.apple.product-type.bundle.ui-testing";
		};
/* End PBXNativeTarget section */

/* Begin PBXProject section */
		A01C1A6C2ADA585E0049D473 /* Project object */ = {
			isa = PBXProject;
			attributes = {
				BuildIndependentTargetsInParallel = 1;
				LastSwiftUpdateCheck = 1430;
				LastUpgradeCheck = 1430;
				TargetAttributes = {
					A01C1A732ADA585E0049D473 = {
						CreatedOnToolsVersion = 14.3.1;
					};
					A01C1A892ADA585E0049D473 = {
						CreatedOnToolsVersion = 14.3.1;
						TestTargetID = A01C1A732ADA585E0049D473;
					};
					A01C1A932ADA585E0049D473 = {
						CreatedOnToolsVersion = 14.3.1;
						TestTargetID = A01C1A732ADA585E0049D473;
					};
				};
			};
			buildConfigurationList = A01C1A6F2ADA585E0049D473 /* Build configuration list for PBXProject "1907121" */;
			compatibilityVersion = "Xcode 14.0";
			developmentRegion = en;
			hasScannedForEncodings = 0;
			knownRegions = (
				en,
				Base,
			);
			mainGroup = A01C1A6B2ADA585E0049D473;
			productRefGroup = A01C1A752ADA585E0049D473 /* Products */;
			projectDirPath = "";
			projectRoot = "";
			targets = (
				A01C1A732ADA585E0049D473 /* 1907121 */,
				A01C1A892ADA585E0049D473 /* 1907121Tests */,
				A01C1A932ADA585E0049D473 /* 1907121UITests */,
			);
		};
/* End PBXProject section */

/* Begin PBXResourcesBuildPhase section */
		A01C1A722ADA585E0049D473 /* Resources */ = {
			isa = PBXResourcesBuildPhase;
			buildActionMask = 2147483647;
			files = (
				A01C1A842ADA585E0049D473 /* LaunchScreen.storyboard in Resources */,
				A01C1A812ADA585E0049D473 /* Assets.xcassets in Resources */,
				A01C1A7F2ADA585E0049D473 /* Main.storyboard in Resources */,
			);
			runOnlyForDeploymentPostprocessing = 0;
		};
		A01C1A882ADA585E0049D473 /* Resources */ = {
			isa = PBXResourcesBuildPhase;
			buildActionMask = 2147483647;
			files = (
			);
			runOnlyForDeploymentPostprocessing = 0;
		};
		A01C1A922ADA585E0049D473 /* Resources */ = {
			isa = PBXResourcesBuildPhase;
			buildActionMask = 2147483647;
			files = (
			);
			runOnlyForDeploymentPostprocessing = 0;
		};
/* End PBXResourcesBuildPhase section */

/* Begin PBXSourcesBuildPhase section */
		A01C1A702ADA585E0049D473 /* Sources */ = {
			isa = PBXSourcesBuildPhase;
			buildActionMask = 2147483647;
			files = (
				A02163522ADAF72C0095484E /* signUpViewController.swift in Sources */,
				A02163502ADAF70C0095484E /* signInViewController.swift in Sources */,
				A01C1A7C2ADA585E0049D473 /* ViewController.swift in Sources */,
				A01C1A782ADA585E0049D473 /* AppDelegate.swift in Sources */,
				A01C1A7A2ADA585E0049D473 /* SceneDelegate.swift in Sources */,
				A02163542ADAF73F0095484E /* HomeViewController.swift in Sources */,
			);
			runOnlyForDeploymentPostprocessing = 0;
		};
		A01C1A862ADA585E0049D473 /* Sources */ = {
			isa = PBXSourcesBuildPhase;
			buildActionMask = 2147483647;
			files = (
				A01C1A8F2ADA585E0049D473 /* _907121Tests.swift in Sources */,
			);
			runOnlyForDeploymentPostprocessing = 0;
		};
		A01C1A902ADA585E0049D473 /* Sources */ = {
			isa = PBXSourcesBuildPhase;
			buildActionMask = 2147483647;
			files = (
				A01C1A9B2ADA585E0049D473 /* _907121UITestsLaunchTests.swift in Sources */,
				A01C1A992ADA585E0049D473 /* _907121UITests.swift in Sources */,
			);
			runOnlyForDeploymentPostprocessing = 0;
		};
/* End PBXSourcesBuildPhase section */

/* Begin PBXTargetDependency section */
		A01C1A8C2ADA585E0049D473 /* PBXTargetDependency */ = {
			isa = PBXTargetDependency;
			target = A01C1A732ADA585E0049D473 /* 1907121 */;
			targetProxy = A01C1A8B2ADA585E0049D473 /* PBXContainerItemProxy */;
		};
		A01C1A962ADA585E0049D473 /* PBXTargetDependency */ = {
			isa = PBXTargetDependency;
			target = A01C1A732ADA585E0049D473 /* 1907121 */;
			targetProxy = A01C1A952ADA585E0049D473 /* PBXContainerItemProxy */;
		};
/* End PBXTargetDependency section */

/* Begin PBXVariantGroup section */
		A01C1A7D2ADA585E0049D473 /* Main.storyboard */ = {
			isa = PBXVariantGroup;
			children = (
				A01C1A7E2ADA585E0049D473 /* Base */,
			);
			name = Main.storyboard;
			sourceTree = "<group>";
		};
		A01C1A822ADA585E0049D473 /* LaunchScreen.storyboard */ = {
			isa = PBXVariantGroup;
			children = (
				A01C1A832ADA585E0049D473 /* Base */,
			);
			name = LaunchScreen.storyboard;
			sourceTree = "<group>";
		};
/* End PBXVariantGroup section */

/* Begin XCBuildConfiguration section */
		A01C1A9C2ADA585E0049D473 /* Debug */ = {
			isa = XCBuildConfiguration;
			buildSettings = {
				ALWAYS_SEARCH_USER_PATHS = NO;
				CLANG_ANALYZER_NONNULL = YES;
				CLANG_ANALYZER_NUMBER_OBJECT_CONVERSION = YES_AGGRESSIVE;
				CLANG_CXX_LANGUAGE_STANDARD = "gnu++20";
				CLANG_ENABLE_MODULES = YES;
				CLANG_ENABLE_OBJC_ARC = YES;
				CLANG_ENABLE_OBJC_WEAK = YES;
				CLANG_WARN_BLOCK_CAPTURE_AUTORELEASING = YES;
				CLANG_WARN_BOOL_CONVERSION = YES;
				CLANG_WARN_COMMA = YES;
				CLANG_WARN_CONSTANT_CONVERSION = YES;
				CLANG_WARN_DEPRECATED_OBJC_IMPLEMENTATIONS = YES;
				CLANG_WARN_DIRECT_OBJC_ISA_USAGE = YES_ERROR;
				CLANG_WARN_DOCUMENTATION_COMMENTS = YES;
				CLANG_WARN_EMPTY_BODY = YES;
				CLANG_WARN_ENUM_CONVERSION = YES;
				CLANG_WARN_INFINITE_RECURSION = YES;
				CLANG_WARN_INT_CONVERSION = YES;
				CLANG_WARN_NON_LITERAL_NULL_CONVERSION = YES;
				CLANG_WARN_OBJC_IMPLICIT_RETAIN_SELF = YES;
				CLANG_WARN_OBJC_LITERAL_CONVERSION = YES;
				CLANG_WARN_OBJC_ROOT_CLASS = YES_ERROR;
				CLANG_WARN_QUOTED_INCLUDE_IN_FRAMEWORK_HEADER = YES;
				CLANG_WARN_RANGE_LOOP_ANALYSIS = YES;
				CLANG_WARN_STRICT_PROTOTYPES = YES;
				CLANG_WARN_SUSPICIOUS_MOVE = YES;
				CLANG_WARN_UNGUARDED_AVAILABILITY = YES_AGGRESSIVE;
				CLANG_WARN_UNREACHABLE_CODE = YES;
				CLANG_WARN__DUPLICATE_METHOD_MATCH = YES;
				COPY_PHASE_STRIP = NO;
				DEBUG_INFORMATION_FORMAT = dwarf;
				ENABLE_STRICT_OBJC_MSGSEND = YES;
				ENABLE_TESTABILITY = YES;
				GCC_C_LANGUAGE_STANDARD = gnu11;
				GCC_DYNAMIC_NO_PIC = NO;
				GCC_NO_COMMON_BLOCKS = YES;
				GCC_OPTIMIZATION_LEVEL = 0;
				GCC_PREPROCESSOR_DEFINITIONS = (
					"DEBUG=1",
					"$(inherited)",
				);
				GCC_WARN_64_TO_32_BIT_CONVERSION = YES;
				GCC_WARN_ABOUT_RETURN_TYPE = YES_ERROR;
				GCC_WARN_UNDECLARED_SELECTOR = YES;
				GCC_WARN_UNINITIALIZED_AUTOS = YES_AGGRESSIVE;
				GCC_WARN_UNUSED_FUNCTION = YES;
				GCC_WARN_UNUSED_VARIABLE = YES;
				IPHONEOS_DEPLOYMENT_TARGET = 16.4;
				MTL_ENABLE_DEBUG_INFO = INCLUDE_SOURCE;
				MTL_FAST_MATH = YES;
				ONLY_ACTIVE_ARCH = YES;
				SDKROOT = iphoneos;
				SWIFT_ACTIVE_COMPILATION_CONDITIONS = DEBUG;
				SWIFT_OPTIMIZATION_LEVEL = "-Onone";
			};
			name = Debug;
		};
		A01C1A9D2ADA585E0049D473 /* Release */ = {
			isa = XCBuildConfiguration;
			buildSettings = {
				ALWAYS_SEARCH_USER_PATHS = NO;
				CLANG_ANALYZER_NONNULL = YES;
				CLANG_ANALYZER_NUMBER_OBJECT_CONVERSION = YES_AGGRESSIVE;
				CLANG_CXX_LANGUAGE_STANDARD = "gnu++20";
				CLANG_ENABLE_MODULES = YES;
				CLANG_ENABLE_OBJC_ARC = YES;
				CLANG_ENABLE_OBJC_WEAK = YES;
				CLANG_WARN_BLOCK_CAPTURE_AUTORELEASING = YES;
				CLANG_WARN_BOOL_CONVERSION = YES;
				CLANG_WARN_COMMA = YES;
				CLANG_WARN_CONSTANT_CONVERSION = YES;
				CLANG_WARN_DEPRECATED_OBJC_IMPLEMENTATIONS = YES;
				CLANG_WARN_DIRECT_OBJC_ISA_USAGE = YES_ERROR;
				CLANG_WARN_DOCUMENTATION_COMMENTS = YES;
				CLANG_WARN_EMPTY_BODY = YES;
				CLANG_WARN_ENUM_CONVERSION = YES;
				CLANG_WARN_INFINITE_RECURSION = YES;
				CLANG_WARN_INT_CONVERSION = YES;
				CLANG_WARN_NON_LITERAL_NULL_CONVERSION = YES;
				CLANG_WARN_OBJC_IMPLICIT_RETAIN_SELF = YES;
				CLANG_WARN_OBJC_LITERAL_CONVERSION = YES;
				CLANG_WARN_OBJC_ROOT_CLASS = YES_ERROR;
				CLANG_WARN_QUOTED_INCLUDE_IN_FRAMEWORK_HEADER = YES;
				CLANG_WARN_RANGE_LOOP_ANALYSIS = YES;
				CLANG_WARN_STRICT_PROTOTYPES = YES;
				CLANG_WARN_SUSPICIOUS_MOVE = YES;
				CLANG_WARN_UNGUARDED_AVAILABILITY = YES_AGGRESSIVE;
				CLANG_WARN_UNREACHABLE_CODE = YES;
				CLANG_WARN__DUPLICATE_METHOD_MATCH = YES;
				COPY_PHASE_STRIP = NO;
				DEBUG_INFORMATION_FORMAT = "dwarf-with-dsym";
				ENABLE_NS_ASSERTIONS = NO;
				ENABLE_STRICT_OBJC_MSGSEND = YES;
				GCC_C_LANGUAGE_STANDARD = gnu11;
				GCC_NO_COMMON_BLOCKS = YES;
				GCC_WARN_64_TO_32_BIT_CONVERSION = YES;
				GCC_WARN_ABOUT_RETURN_TYPE = YES_ERROR;
				GCC_WARN_UNDECLARED_SELECTOR = YES;
				GCC_WARN_UNINITIALIZED_AUTOS = YES_AGGRESSIVE;
				GCC_WARN_UNUSED_FUNCTION = YES;
				GCC_WARN_UNUSED_VARIABLE = YES;
				IPHONEOS_DEPLOYMENT_TARGET = 16.4;
				MTL_ENABLE_DEBUG_INFO = NO;
				MTL_FAST_MATH = YES;
				SDKROOT = iphoneos;
				SWIFT_COMPILATION_MODE = wholemodule;
				SWIFT_OPTIMIZATION_LEVEL = "-O";
				VALIDATE_PRODUCT = YES;
			};
			name = Release;
		};
		A01C1A9F2ADA585E0049D473 /* Debug */ = {
			isa = XCBuildConfiguration;
			buildSettings = {
				ASSETCATALOG_COMPILER_APPICON_NAME = AppIcon;
				ASSETCATALOG_COMPILER_GLOBAL_ACCENT_COLOR_NAME = AccentColor;
				CODE_SIGN_STYLE = Automatic;
				CURRENT_PROJECT_VERSION = 1;
				GENERATE_INFOPLIST_FILE = YES;
				INFOPLIST_FILE = 1907121/Info.plist;
				INFOPLIST_KEY_UIApplicationSupportsIndirectInputEvents = YES;
				INFOPLIST_KEY_UILaunchStoryboardName = LaunchScreen;
				INFOPLIST_KEY_UIMainStoryboardFile = Main;
				INFOPLIST_KEY_UISupportedInterfaceOrientations_iPad = "UIInterfaceOrientationPortrait UIInterfaceOrientationPortraitUpsideDown UIInterfaceOrientationLandscapeLeft UIInterfaceOrientationLandscapeRight";
				INFOPLIST_KEY_UISupportedInterfaceOrientations_iPhone = "UIInterfaceOrientationPortrait UIInterfaceOrientationLandscapeLeft UIInterfaceOrientationLandscapeRight";
				LD_RUNPATH_SEARCH_PATHS = (
					"$(inherited)",
					"@executable_path/Frameworks",
				);
				MARKETING_VERSION = 1.0;
				PRODUCT_BUNDLE_IDENTIFIER = "ios.-907121";
				PRODUCT_NAME = "$(TARGET_NAME)";
				SWIFT_EMIT_LOC_STRINGS = YES;
				SWIFT_VERSION = 5.0;
				TARGETED_DEVICE_FAMILY = "1,2";
			};
			name = Debug;
		};
		A01C1AA02ADA585E0049D473 /* Release */ = {
			isa = XCBuildConfiguration;
			buildSettings = {
				ASSETCATALOG_COMPILER_APPICON_NAME = AppIcon;
				ASSETCATALOG_COMPILER_GLOBAL_ACCENT_COLOR_NAME = AccentColor;
				CODE_SIGN_STYLE = Automatic;
				CURRENT_PROJECT_VERSION = 1;
				GENERATE_INFOPLIST_FILE = YES;
				INFOPLIST_FILE = 1907121/Info.plist;
				INFOPLIST_KEY_UIApplicationSupportsIndirectInputEvents = YES;
				INFOPLIST_KEY_UILaunchStoryboardName = LaunchScreen;
				INFOPLIST_KEY_UIMainStoryboardFile = Main;
				INFOPLIST_KEY_UISupportedInterfaceOrientations_iPad = "UIInterfaceOrientationPortrait UIInterfaceOrientationPortraitUpsideDown UIInterfaceOrientationLandscapeLeft UIInterfaceOrientationLandscapeRight";
				INFOPLIST_KEY_UISupportedInterfaceOrientations_iPhone = "UIInterfaceOrientationPortrait UIInterfaceOrientationLandscapeLeft UIInterfaceOrientationLandscapeRight";
				LD_RUNPATH_SEARCH_PATHS = (
					"$(inherited)",
					"@executable_path/Frameworks",
				);
				MARKETING_VERSION = 1.0;
				PRODUCT_BUNDLE_IDENTIFIER = "ios.-907121";
				PRODUCT_NAME = "$(TARGET_NAME)";
				SWIFT_EMIT_LOC_STRINGS = YES;
				SWIFT_VERSION = 5.0;
				TARGETED_DEVICE_FAMILY = "1,2";
			};
			name = Release;
		};
		A01C1AA22ADA585E0049D473 /* Debug */ = {
			isa = XCBuildConfiguration;
			buildSettings = {
				ALWAYS_EMBED_SWIFT_STANDARD_LIBRARIES = YES;
				BUNDLE_LOADER = "$(TEST_HOST)";
				CODE_SIGN_STYLE = Automatic;
				CURRENT_PROJECT_VERSION = 1;
				GENERATE_INFOPLIST_FILE = YES;
				IPHONEOS_DEPLOYMENT_TARGET = 16.4;
				MARKETING_VERSION = 1.0;
				PRODUCT_BUNDLE_IDENTIFIER = "ios.-907121Tests";
				PRODUCT_NAME = "$(TARGET_NAME)";
				SWIFT_EMIT_LOC_STRINGS = NO;
				SWIFT_VERSION = 5.0;
				TARGETED_DEVICE_FAMILY = "1,2";
				TEST_HOST = "$(BUILT_PRODUCTS_DIR)/1907121.app/$(BUNDLE_EXECUTABLE_FOLDER_PATH)/1907121";
			};
			name = Debug;
		};
		A01C1AA32ADA585E0049D473 /* Release */ = {
			isa = XCBuildConfiguration;
			buildSettings = {
				ALWAYS_EMBED_SWIFT_STANDARD_LIBRARIES = YES;
				BUNDLE_LOADER = "$(TEST_HOST)";
				CODE_SIGN_STYLE = Automatic;
				CURRENT_PROJECT_VERSION = 1;
				GENERATE_INFOPLIST_FILE = YES;
				IPHONEOS_DEPLOYMENT_TARGET = 16.4;
				MARKETING_VERSION = 1.0;
				PRODUCT_BUNDLE_IDENTIFIER = "ios.-907121Tests";
				PRODUCT_NAME = "$(TARGET_NAME)";
				SWIFT_EMIT_LOC_STRINGS = NO;
				SWIFT_VERSION = 5.0;
				TARGETED_DEVICE_FAMILY = "1,2";
				TEST_HOST = "$(BUILT_PRODUCTS_DIR)/1907121.app/$(BUNDLE_EXECUTABLE_FOLDER_PATH)/1907121";
			};
			name = Release;
		};
		A01C1AA52ADA585E0049D473 /* Debug */ = {
			isa = XCBuildConfiguration;
			buildSettings = {
				ALWAYS_EMBED_SWIFT_STANDARD_LIBRARIES = YES;
				CODE_SIGN_STYLE = Automatic;
				CURRENT_PROJECT_VERSION = 1;
				GENERATE_INFOPLIST_FILE = YES;
				MARKETING_VERSION = 1.0;
				PRODUCT_BUNDLE_IDENTIFIER = "ios.-907121UITests";
				PRODUCT_NAME = "$(TARGET_NAME)";
				SWIFT_EMIT_LOC_STRINGS = NO;
				SWIFT_VERSION = 5.0;
				TARGETED_DEVICE_FAMILY = "1,2";
				TEST_TARGET_NAME = 1907121;
			};
			name = Debug;
		};
		A01C1AA62ADA585E0049D473 /* Release */ = {
			isa = XCBuildConfiguration;
			buildSettings = {
				ALWAYS_EMBED_SWIFT_STANDARD_LIBRARIES = YES;
				CODE_SIGN_STYLE = Automatic;
				CURRENT_PROJECT_VERSION = 1;
				GENERATE_INFOPLIST_FILE = YES;
				MARKETING_VERSION = 1.0;
				PRODUCT_BUNDLE_IDENTIFIER = "ios.-907121UITests";
				PRODUCT_NAME = "$(TARGET_NAME)";
				SWIFT_EMIT_LOC_STRINGS = NO;
				SWIFT_VERSION = 5.0;
				TARGETED_DEVICE_FAMILY = "1,2";
				TEST_TARGET_NAME = 1907121;
			};
			name = Release;
		};
/* End XCBuildConfiguration section */

/* Begin XCConfigurationList section */
		A01C1A6F2ADA585E0049D473 /* Build configuration list for PBXProject "1907121" */ = {
			isa = XCConfigurationList;
			buildConfigurations = (
				A01C1A9C2ADA585E0049D473 /* Debug */,
				A01C1A9D2ADA585E0049D473 /* Release */,
			);
			defaultConfigurationIsVisible = 0;
			defaultConfigurationName = Release;
		};
		A01C1A9E2ADA585E0049D473 /* Build configuration list for PBXNativeTarget "1907121" */ = {
			isa = XCConfigurationList;
			buildConfigurations = (
				A01C1A9F2ADA585E0049D473 /* Debug */,
				A01C1AA02ADA585E0049D473 /* Release */,
			);
			defaultConfigurationIsVisible = 0;
			defaultConfigurationName = Release;
		};
		A01C1AA12ADA585E0049D473 /* Build configuration list for PBXNativeTarget "1907121Tests" */ = {
			isa = XCConfigurationList;
			buildConfigurations = (
				A01C1AA22ADA585E0049D473 /* Debug */,
				A01C1AA32ADA585E0049D473 /* Release */,
			);
			defaultConfigurationIsVisible = 0;
			defaultConfigurationName = Release;
		};
		A01C1AA42ADA585E0049D473 /* Build configuration list for PBXNativeTarget "1907121UITests" */ = {
			isa = XCConfigurationList;
			buildConfigurations = (
				A01C1AA52ADA585E0049D473 /* Debug */,
				A01C1AA62ADA585E0049D473 /* Release */,
			);
			defaultConfigurationIsVisible = 0;
			defaultConfigurationName = Release;
		};
/* End XCConfigurationList section */
	};
	rootObject = A01C1A6C2ADA585E0049D473 /* Project object */;
}
